// !$*UTF8*$!
{
	archiveVersion = 1;
	classes = {
	};
	objectVersion = 50;
	objects = {

/* Begin PBXBuildFile section */
		5712114921EE2A8600B04188 /* AppDelegate.swift in Sources */ = {isa = PBXBuildFile; fileRef = 5712114821EE2A8600B04188 /* AppDelegate.swift */; };
		5712114B21EE2A8600B04188 /* SelectionViewController.swift in Sources */ = {isa = PBXBuildFile; fileRef = 5712114A21EE2A8600B04188 /* SelectionViewController.swift */; };
		5712115021EE2A8B00B04188 /* Assets.xcassets in Resources */ = {isa = PBXBuildFile; fileRef = 5712114F21EE2A8B00B04188 /* Assets.xcassets */; };
		5712115321EE2A8B00B04188 /* LaunchScreen.storyboard in Resources */ = {isa = PBXBuildFile; fileRef = 5712115121EE2A8B00B04188 /* LaunchScreen.storyboard */; };
		5712116921EE6B7900B04188 /* BaseInfoService.swift in Sources */ = {isa = PBXBuildFile; fileRef = 5712116821EE6B7900B04188 /* BaseInfoService.swift */; };
		5712116B21EE6F3200B04188 /* InfoService.swift in Sources */ = {isa = PBXBuildFile; fileRef = 5712116A21EE6F3200B04188 /* InfoService.swift */; };
		5712116F21EF017700B04188 /* SelectionViewModelImpl.swift in Sources */ = {isa = PBXBuildFile; fileRef = 5712116E21EF017700B04188 /* SelectionViewModelImpl.swift */; };
		5712117121EF859A00B04188 /* SelectionCell.swift in Sources */ = {isa = PBXBuildFile; fileRef = 5712117021EF859A00B04188 /* SelectionCell.swift */; };
		5712117321EFD3EB00B04188 /* CarSelection.swift in Sources */ = {isa = PBXBuildFile; fileRef = 5712117221EFD3EB00B04188 /* CarSelection.swift */; };
		5712117521EFE08E00B04188 /* ManufacturerService.swift in Sources */ = {isa = PBXBuildFile; fileRef = 5712117421EFE08E00B04188 /* ManufacturerService.swift */; };
		5712117721EFE1B900B04188 /* ModelsService.swift in Sources */ = {isa = PBXBuildFile; fileRef = 5712117621EFE1B900B04188 /* ModelsService.swift */; };
		5712117921EFFCDD00B04188 /* BaseInfoServiceTest.swift in Sources */ = {isa = PBXBuildFile; fileRef = 5712117821EFFCDD00B04188 /* BaseInfoServiceTest.swift */; };
		5712117B21F0746D00B04188 /* NetworkMock.swift in Sources */ = {isa = PBXBuildFile; fileRef = 5712117A21F0746D00B04188 /* NetworkMock.swift */; };
		5712117D21F0761700B04188 /* fixtures.swift in Sources */ = {isa = PBXBuildFile; fileRef = 5712117C21F0761700B04188 /* fixtures.swift */; };
		5712117F21F0864400B04188 /* ManufacturersServiceTest.swift in Sources */ = {isa = PBXBuildFile; fileRef = 5712117E21F0864400B04188 /* ManufacturersServiceTest.swift */; };
		5712118121F0879000B04188 /* ModelsServiceTest.swift in Sources */ = {isa = PBXBuildFile; fileRef = 5712118021F0879000B04188 /* ModelsServiceTest.swift */; };
		5712118321F0888B00B04188 /* SelectionViewModelTest.swift in Sources */ = {isa = PBXBuildFile; fileRef = 5712118221F0888B00B04188 /* SelectionViewModelTest.swift */; };
		5712118521F091D400B04188 /* AppMocks.swift in Sources */ = {isa = PBXBuildFile; fileRef = 5712118421F091D400B04188 /* AppMocks.swift */; };
		5712118921F0A5ED00B04188 /* SelectionViewModel.swift in Sources */ = {isa = PBXBuildFile; fileRef = 5712118821F0A5ED00B04188 /* SelectionViewModel.swift */; };
/* End PBXBuildFile section */

/* Begin PBXContainerItemProxy section */
		5712115A21EE2A8B00B04188 /* PBXContainerItemProxy */ = {
			isa = PBXContainerItemProxy;
			containerPortal = 5712113D21EE2A8600B04188 /* Project object */;
			proxyType = 1;
			remoteGlobalIDString = 5712114421EE2A8600B04188;
			remoteInfo = SelectCar;
		};
/* End PBXContainerItemProxy section */

/* Begin PBXFileReference section */
		5712114521EE2A8600B04188 /* SelectCar.app */ = {isa = PBXFileReference; explicitFileType = wrapper.application; includeInIndex = 0; path = SelectCar.app; sourceTree = BUILT_PRODUCTS_DIR; };
		5712114821EE2A8600B04188 /* AppDelegate.swift */ = {isa = PBXFileReference; lastKnownFileType = sourcecode.swift; path = AppDelegate.swift; sourceTree = "<group>"; };
		5712114A21EE2A8600B04188 /* SelectionViewController.swift */ = {isa = PBXFileReference; lastKnownFileType = sourcecode.swift; path = SelectionViewController.swift; sourceTree = "<group>"; };
		5712114F21EE2A8B00B04188 /* Assets.xcassets */ = {isa = PBXFileReference; lastKnownFileType = folder.assetcatalog; path = Assets.xcassets; sourceTree = "<group>"; };
		5712115221EE2A8B00B04188 /* Base */ = {isa = PBXFileReference; lastKnownFileType = file.storyboard; name = Base; path = Base.lproj/LaunchScreen.storyboard; sourceTree = "<group>"; };
		5712115421EE2A8B00B04188 /* Info.plist */ = {isa = PBXFileReference; lastKnownFileType = text.plist.xml; path = Info.plist; sourceTree = "<group>"; };
		5712115921EE2A8B00B04188 /* SelectCarTests.xctest */ = {isa = PBXFileReference; explicitFileType = wrapper.cfbundle; includeInIndex = 0; path = SelectCarTests.xctest; sourceTree = BUILT_PRODUCTS_DIR; };
		5712115F21EE2A8B00B04188 /* Info.plist */ = {isa = PBXFileReference; lastKnownFileType = text.plist.xml; path = Info.plist; sourceTree = "<group>"; };
		5712116821EE6B7900B04188 /* BaseInfoService.swift */ = {isa = PBXFileReference; lastKnownFileType = sourcecode.swift; path = BaseInfoService.swift; sourceTree = "<group>"; };
		5712116A21EE6F3200B04188 /* InfoService.swift */ = {isa = PBXFileReference; lastKnownFileType = sourcecode.swift; path = InfoService.swift; sourceTree = "<group>"; };
		5712116E21EF017700B04188 /* SelectionViewModelImpl.swift */ = {isa = PBXFileReference; lastKnownFileType = sourcecode.swift; path = SelectionViewModelImpl.swift; sourceTree = "<group>"; };
		5712117021EF859A00B04188 /* SelectionCell.swift */ = {isa = PBXFileReference; lastKnownFileType = sourcecode.swift; path = SelectionCell.swift; sourceTree = "<group>"; };
		5712117221EFD3EB00B04188 /* CarSelection.swift */ = {isa = PBXFileReference; lastKnownFileType = sourcecode.swift; path = CarSelection.swift; sourceTree = "<group>"; };
		5712117421EFE08E00B04188 /* ManufacturerService.swift */ = {isa = PBXFileReference; lastKnownFileType = sourcecode.swift; path = ManufacturerService.swift; sourceTree = "<group>"; };
		5712117621EFE1B900B04188 /* ModelsService.swift */ = {isa = PBXFileReference; lastKnownFileType = sourcecode.swift; path = ModelsService.swift; sourceTree = "<group>"; };
		5712117821EFFCDD00B04188 /* BaseInfoServiceTest.swift */ = {isa = PBXFileReference; lastKnownFileType = sourcecode.swift; path = BaseInfoServiceTest.swift; sourceTree = "<group>"; };
		5712117A21F0746D00B04188 /* NetworkMock.swift */ = {isa = PBXFileReference; fileEncoding = 4; lastKnownFileType = sourcecode.swift; path = NetworkMock.swift; sourceTree = "<group>"; };
		5712117C21F0761700B04188 /* fixtures.swift */ = {isa = PBXFileReference; lastKnownFileType = sourcecode.swift; path = fixtures.swift; sourceTree = "<group>"; };
		5712117E21F0864400B04188 /* ManufacturersServiceTest.swift */ = {isa = PBXFileReference; lastKnownFileType = sourcecode.swift; path = ManufacturersServiceTest.swift; sourceTree = "<group>"; };
		5712118021F0879000B04188 /* ModelsServiceTest.swift */ = {isa = PBXFileReference; lastKnownFileType = sourcecode.swift; path = ModelsServiceTest.swift; sourceTree = "<group>"; };
		5712118221F0888B00B04188 /* SelectionViewModelTest.swift */ = {isa = PBXFileReference; lastKnownFileType = sourcecode.swift; path = SelectionViewModelTest.swift; sourceTree = "<group>"; };
		5712118421F091D400B04188 /* AppMocks.swift */ = {isa = PBXFileReference; lastKnownFileType = sourcecode.swift; path = AppMocks.swift; sourceTree = "<group>"; };
		5712118821F0A5ED00B04188 /* SelectionViewModel.swift */ = {isa = PBXFileReference; lastKnownFileType = sourcecode.swift; path = SelectionViewModel.swift; sourceTree = "<group>"; };
/* End PBXFileReference section */

/* Begin PBXFrameworksBuildPhase section */
		5712114221EE2A8600B04188 /* Frameworks */ = {
			isa = PBXFrameworksBuildPhase;
			buildActionMask = 2147483647;
			files = (
			);
			runOnlyForDeploymentPostprocessing = 0;
		};
		5712115621EE2A8B00B04188 /* Frameworks */ = {
			isa = PBXFrameworksBuildPhase;
			buildActionMask = 2147483647;
			files = (
			);
			runOnlyForDeploymentPostprocessing = 0;
		};
/* End PBXFrameworksBuildPhase section */

/* Begin PBXGroup section */
		5712113C21EE2A8600B04188 = {
			isa = PBXGroup;
			children = (
				5712114721EE2A8600B04188 /* SelectCar */,
				5712115C21EE2A8B00B04188 /* SelectCarTests */,
				5712114621EE2A8600B04188 /* Products */,
			);
			sourceTree = "<group>";
		};
		5712114621EE2A8600B04188 /* Products */ = {
			isa = PBXGroup;
			children = (
				5712114521EE2A8600B04188 /* SelectCar.app */,
				5712115921EE2A8B00B04188 /* SelectCarTests.xctest */,
			);
			name = Products;
			sourceTree = "<group>";
		};
		5712114721EE2A8600B04188 /* SelectCar */ = {
			isa = PBXGroup;
			children = (
				5712114821EE2A8600B04188 /* AppDelegate.swift */,
				5712117221EFD3EB00B04188 /* CarSelection.swift */,
				5712116821EE6B7900B04188 /* BaseInfoService.swift */,
				5712116A21EE6F3200B04188 /* InfoService.swift */,
				5712117421EFE08E00B04188 /* ManufacturerService.swift */,
				5712117621EFE1B900B04188 /* ModelsService.swift */,
				5712117021EF859A00B04188 /* SelectionCell.swift */,
				5712114A21EE2A8600B04188 /* SelectionViewController.swift */,
				5712118821F0A5ED00B04188 /* SelectionViewModel.swift */,
				5712116E21EF017700B04188 /* SelectionViewModelImpl.swift */,
				5712114F21EE2A8B00B04188 /* Assets.xcassets */,
				5712115121EE2A8B00B04188 /* LaunchScreen.storyboard */,
				5712115421EE2A8B00B04188 /* Info.plist */,
			);
			path = SelectCar;
			sourceTree = "<group>";
		};
		5712115C21EE2A8B00B04188 /* SelectCarTests */ = {
			isa = PBXGroup;
			children = (
				5712117821EFFCDD00B04188 /* BaseInfoServiceTest.swift */,
				5712118221F0888B00B04188 /* SelectionViewModelTest.swift */,
				5712118421F091D400B04188 /* AppMocks.swift */,
				5712117E21F0864400B04188 /* ManufacturersServiceTest.swift */,
				5712118021F0879000B04188 /* ModelsServiceTest.swift */,
				5712117C21F0761700B04188 /* fixtures.swift */,
				5712117A21F0746D00B04188 /* NetworkMock.swift */,
				5712115F21EE2A8B00B04188 /* Info.plist */,
			);
			path = SelectCarTests;
			sourceTree = "<group>";
		};
/* End PBXGroup section */

/* Begin PBXNativeTarget section */
		5712114421EE2A8600B04188 /* SelectCar */ = {
			isa = PBXNativeTarget;
			buildConfigurationList = 5712116221EE2A8B00B04188 /* Build configuration list for PBXNativeTarget "SelectCar" */;
			buildPhases = (
				5712114121EE2A8600B04188 /* Sources */,
				5712114221EE2A8600B04188 /* Frameworks */,
				5712114321EE2A8600B04188 /* Resources */,
			);
			buildRules = (
			);
			dependencies = (
			);
			name = SelectCar;
			productName = SelectCar;
			productReference = 5712114521EE2A8600B04188 /* SelectCar.app */;
			productType = "com.apple.product-type.application";
		};
		5712115821EE2A8B00B04188 /* SelectCarTests */ = {
			isa = PBXNativeTarget;
			buildConfigurationList = 5712116521EE2A8B00B04188 /* Build configuration list for PBXNativeTarget "SelectCarTests" */;
			buildPhases = (
				5712115521EE2A8B00B04188 /* Sources */,
				5712115621EE2A8B00B04188 /* Frameworks */,
				5712115721EE2A8B00B04188 /* Resources */,
			);
			buildRules = (
			);
			dependencies = (
				5712115B21EE2A8B00B04188 /* PBXTargetDependency */,
			);
			name = SelectCarTests;
			productName = SelectCarTests;
			productReference = 5712115921EE2A8B00B04188 /* SelectCarTests.xctest */;
			productType = "com.apple.product-type.bundle.unit-test";
		};
/* End PBXNativeTarget section */

/* Begin PBXProject section */
		5712113D21EE2A8600B04188 /* Project object */ = {
			isa = PBXProject;
			attributes = {
				LastSwiftUpdateCheck = 1010;
				LastUpgradeCheck = 1010;
				ORGANIZATIONNAME = "Dmitry Kurkin";
				TargetAttributes = {
					5712114421EE2A8600B04188 = {
						CreatedOnToolsVersion = 10.1;
					};
					5712115821EE2A8B00B04188 = {
						CreatedOnToolsVersion = 10.1;
						TestTargetID = 5712114421EE2A8600B04188;
					};
				};
			};
			buildConfigurationList = 5712114021EE2A8600B04188 /* Build configuration list for PBXProject "SelectCar" */;
			compatibilityVersion = "Xcode 9.3";
			developmentRegion = en;
			hasScannedForEncodings = 0;
			knownRegions = (
				en,
				Base,
			);
			mainGroup = 5712113C21EE2A8600B04188;
			productRefGroup = 5712114621EE2A8600B04188 /* Products */;
			projectDirPath = "";
			projectRoot = "";
			targets = (
				5712114421EE2A8600B04188 /* SelectCar */,
				5712115821EE2A8B00B04188 /* SelectCarTests */,
			);
		};
/* End PBXProject section */

/* Begin PBXResourcesBuildPhase section */
		5712114321EE2A8600B04188 /* Resources */ = {
			isa = PBXResourcesBuildPhase;
			buildActionMask = 2147483647;
			files = (
				5712115321EE2A8B00B04188 /* LaunchScreen.storyboard in Resources */,
				5712115021EE2A8B00B04188 /* Assets.xcassets in Resources */,
			);
			runOnlyForDeploymentPostprocessing = 0;
		};
		5712115721EE2A8B00B04188 /* Resources */ = {
			isa = PBXResourcesBuildPhase;
			buildActionMask = 2147483647;
			files = (
			);
			runOnlyForDeploymentPostprocessing = 0;
		};
/* End PBXResourcesBuildPhase section */

/* Begin PBXSourcesBuildPhase section */
		5712114121EE2A8600B04188 /* Sources */ = {
			isa = PBXSourcesBuildPhase;
			buildActionMask = 2147483647;
			files = (
				5712116921EE6B7900B04188 /* BaseInfoService.swift in Sources */,
				5712114B21EE2A8600B04188 /* SelectionViewController.swift in Sources */,
				5712117121EF859A00B04188 /* SelectionCell.swift in Sources */,
				5712116F21EF017700B04188 /* SelectionViewModelImpl.swift in Sources */,
				5712114921EE2A8600B04188 /* AppDelegate.swift in Sources */,
				5712117321EFD3EB00B04188 /* CarSelection.swift in Sources */,
				5712118921F0A5ED00B04188 /* SelectionViewModel.swift in Sources */,
				5712117721EFE1B900B04188 /* ModelsService.swift in Sources */,
				5712117521EFE08E00B04188 /* ManufacturerService.swift in Sources */,
				5712116B21EE6F3200B04188 /* InfoService.swift in Sources */,
			);
			runOnlyForDeploymentPostprocessing = 0;
		};
		5712115521EE2A8B00B04188 /* Sources */ = {
			isa = PBXSourcesBuildPhase;
			buildActionMask = 2147483647;
			files = (
				5712117921EFFCDD00B04188 /* BaseInfoServiceTest.swift in Sources */,
				5712118121F0879000B04188 /* ModelsServiceTest.swift in Sources */,
				5712118321F0888B00B04188 /* SelectionViewModelTest.swift in Sources */,
				5712117B21F0746D00B04188 /* NetworkMock.swift in Sources */,
				5712117F21F0864400B04188 /* ManufacturersServiceTest.swift in Sources */,
				5712117D21F0761700B04188 /* fixtures.swift in Sources */,
				5712118521F091D400B04188 /* AppMocks.swift in Sources */,
			);
			runOnlyForDeploymentPostprocessing = 0;
		};
/* End PBXSourcesBuildPhase section */

/* Begin PBXTargetDependency section */
		5712115B21EE2A8B00B04188 /* PBXTargetDependency */ = {
			isa = PBXTargetDependency;
			target = 5712114421EE2A8600B04188 /* SelectCar */;
			targetProxy = 5712115A21EE2A8B00B04188 /* PBXContainerItemProxy */;
		};
/* End PBXTargetDependency section */

/* Begin PBXVariantGroup section */
		5712115121EE2A8B00B04188 /* LaunchScreen.storyboard */ = {
			isa = PBXVariantGroup;
			children = (
				5712115221EE2A8B00B04188 /* Base */,
			);
			name = LaunchScreen.storyboard;
			sourceTree = "<group>";
		};
/* End PBXVariantGroup section */

/* Begin XCBuildConfiguration section */
		5712116021EE2A8B00B04188 /* Debug */ = {
			isa = XCBuildConfiguration;
			buildSettings = {
				ALWAYS_SEARCH_USER_PATHS = NO;
				CLANG_ANALYZER_NONNULL = YES;
				CLANG_ANALYZER_NUMBER_OBJECT_CONVERSION = YES_AGGRESSIVE;
				CLANG_CXX_LANGUAGE_STANDARD = "gnu++14";
				CLANG_CXX_LIBRARY = "libc++";
				CLANG_ENABLE_MODULES = YES;
				CLANG_ENABLE_OBJC_ARC = YES;
				CLANG_ENABLE_OBJC_WEAK = YES;
				CLANG_WARN_BLOCK_CAPTURE_AUTORELEASING = YES;
				CLANG_WARN_BOOL_CONVERSION = YES;
				CLANG_WARN_COMMA = YES;
				CLANG_WARN_CONSTANT_CONVERSION = YES;
				CLANG_WARN_DEPRECATED_OBJC_IMPLEMENTATIONS = YES;
				CLANG_WARN_DIRECT_OBJC_ISA_USAGE = YES_ERROR;
				CLANG_WARN_DOCUMENTATION_COMMENTS = YES;
				CLANG_WARN_EMPTY_BODY = YES;
				CLANG_WARN_ENUM_CONVERSION = YES;
				CLANG_WARN_INFINITE_RECURSION = YES;
				CLANG_WARN_INT_CONVERSION = YES;
				CLANG_WARN_NON_LITERAL_NULL_CONVERSION = YES;
				CLANG_WARN_OBJC_IMPLICIT_RETAIN_SELF = YES;
				CLANG_WARN_OBJC_LITERAL_CONVERSION = YES;
				CLANG_WARN_OBJC_ROOT_CLASS = YES_ERROR;
				CLANG_WARN_RANGE_LOOP_ANALYSIS = YES;
				CLANG_WARN_STRICT_PROTOTYPES = YES;
				CLANG_WARN_SUSPICIOUS_MOVE = YES;
				CLANG_WARN_UNGUARDED_AVAILABILITY = YES_AGGRESSIVE;
				CLANG_WARN_UNREACHABLE_CODE = YES;
				CLANG_WARN__DUPLICATE_METHOD_MATCH = YES;
				CODE_SIGN_IDENTITY = "iPhone Developer";
				COPY_PHASE_STRIP = NO;
				DEBUG_INFORMATION_FORMAT = dwarf;
				ENABLE_STRICT_OBJC_MSGSEND = YES;
				ENABLE_TESTABILITY = YES;
				GCC_C_LANGUAGE_STANDARD = gnu11;
				GCC_DYNAMIC_NO_PIC = NO;
				GCC_NO_COMMON_BLOCKS = YES;
				GCC_OPTIMIZATION_LEVEL = 0;
				GCC_PREPROCESSOR_DEFINITIONS = (
					"DEBUG=1",
					"$(inherited)",
				);
				GCC_WARN_64_TO_32_BIT_CONVERSION = YES;
				GCC_WARN_ABOUT_RETURN_TYPE = YES_ERROR;
				GCC_WARN_UNDECLARED_SELECTOR = YES;
				GCC_WARN_UNINITIALIZED_AUTOS = YES_AGGRESSIVE;
				GCC_WARN_UNUSED_FUNCTION = YES;
				GCC_WARN_UNUSED_VARIABLE = YES;
				IPHONEOS_DEPLOYMENT_TARGET = 12.1;
				MTL_ENABLE_DEBUG_INFO = INCLUDE_SOURCE;
				MTL_FAST_MATH = YES;
				ONLY_ACTIVE_ARCH = YES;
				SDKROOT = iphoneos;
				SWIFT_ACTIVE_COMPILATION_CONDITIONS = DEBUG;
				SWIFT_OPTIMIZATION_LEVEL = "-Onone";
			};
			name = Debug;
		};
		5712116121EE2A8B00B04188 /* Release */ = {
			isa = XCBuildConfiguration;
			buildSettings = {
				ALWAYS_SEARCH_USER_PATHS = NO;
				CLANG_ANALYZER_NONNULL = YES;
				CLANG_ANALYZER_NUMBER_OBJECT_CONVERSION = YES_AGGRESSIVE;
				CLANG_CXX_LANGUAGE_STANDARD = "gnu++14";
				CLANG_CXX_LIBRARY = "libc++";
				CLANG_ENABLE_MODULES = YES;
				CLANG_ENABLE_OBJC_ARC = YES;
				CLANG_ENABLE_OBJC_WEAK = YES;
				CLANG_WARN_BLOCK_CAPTURE_AUTORELEASING = YES;
				CLANG_WARN_BOOL_CONVERSION = YES;
				CLANG_WARN_COMMA = YES;
				CLANG_WARN_CONSTANT_CONVERSION = YES;
				CLANG_WARN_DEPRECATED_OBJC_IMPLEMENTATIONS = YES;
				CLANG_WARN_DIRECT_OBJC_ISA_USAGE = YES_ERROR;
				CLANG_WARN_DOCUMENTATION_COMMENTS = YES;
				CLANG_WARN_EMPTY_BODY = YES;
				CLANG_WARN_ENUM_CONVERSION = YES;
				CLANG_WARN_INFINITE_RECURSION = YES;
				CLANG_WARN_INT_CONVERSION = YES;
				CLANG_WARN_NON_LITERAL_NULL_CONVERSION = YES;
				CLANG_WARN_OBJC_IMPLICIT_RETAIN_SELF = YES;
				CLANG_WARN_OBJC_LITERAL_CONVERSION = YES;
				CLANG_WARN_OBJC_ROOT_CLASS = YES_ERROR;
				CLANG_WARN_RANGE_LOOP_ANALYSIS = YES;
				CLANG_WARN_STRICT_PROTOTYPES = YES;
				CLANG_WARN_SUSPICIOUS_MOVE = YES;
				CLANG_WARN_UNGUARDED_AVAILABILITY = YES_AGGRESSIVE;
				CLANG_WARN_UNREACHABLE_CODE = YES;
				CLANG_WARN__DUPLICATE_METHOD_MATCH = YES;
				CODE_SIGN_IDENTITY = "iPhone Developer";
				COPY_PHASE_STRIP = NO;
				DEBUG_INFORMATION_FORMAT = "dwarf-with-dsym";
				ENABLE_NS_ASSERTIONS = NO;
				ENABLE_STRICT_OBJC_MSGSEND = YES;
				GCC_C_LANGUAGE_STANDARD = gnu11;
				GCC_NO_COMMON_BLOCKS = YES;
				GCC_WARN_64_TO_32_BIT_CONVERSION = YES;
				GCC_WARN_ABOUT_RETURN_TYPE = YES_ERROR;
				GCC_WARN_UNDECLARED_SELECTOR = YES;
				GCC_WARN_UNINITIALIZED_AUTOS = YES_AGGRESSIVE;
				GCC_WARN_UNUSED_FUNCTION = YES;
				GCC_WARN_UNUSED_VARIABLE = YES;
				IPHONEOS_DEPLOYMENT_TARGET = 12.1;
				MTL_ENABLE_DEBUG_INFO = NO;
				MTL_FAST_MATH = YES;
				SDKROOT = iphoneos;
				SWIFT_COMPILATION_MODE = wholemodule;
				SWIFT_OPTIMIZATION_LEVEL = "-O";
				VALIDATE_PRODUCT = YES;
			};
			name = Release;
		};
		5712116321EE2A8B00B04188 /* Debug */ = {
			isa = XCBuildConfiguration;
			buildSettings = {
				ASSETCATALOG_COMPILER_APPICON_NAME = AppIcon;
				CODE_SIGN_STYLE = Automatic;
				DEVELOPMENT_TEAM = JD4S397FDP;
				INFOPLIST_FILE = SelectCar/Info.plist;
				LD_RUNPATH_SEARCH_PATHS = (
					"$(inherited)",
					"@executable_path/Frameworks",
				);
				PRODUCT_BUNDLE_IDENTIFIER = kurkin.SelectCar;
				PRODUCT_NAME = "$(TARGET_NAME)";
				SWIFT_VERSION = 4.2;
				TARGETED_DEVICE_FAMILY = "1,2";
			};
			name = Debug;
		};
		5712116421EE2A8B00B04188 /* Release */ = {
			isa = XCBuildConfiguration;
			buildSettings = {
				ASSETCATALOG_COMPILER_APPICON_NAME = AppIcon;
				CODE_SIGN_STYLE = Automatic;
				DEVELOPMENT_TEAM = JD4S397FDP;
				INFOPLIST_FILE = SelectCar/Info.plist;
				LD_RUNPATH_SEARCH_PATHS = (
					"$(inherited)",
					"@executable_path/Frameworks",
				);
				PRODUCT_BUNDLE_IDENTIFIER = kurkin.SelectCar;
				PRODUCT_NAME = "$(TARGET_NAME)";
				SWIFT_VERSION = 4.2;
				TARGETED_DEVICE_FAMILY = "1,2";
			};
			name = Release;
		};
		5712116621EE2A8B00B04188 /* Debug */ = {
			isa = XCBuildConfiguration;
			buildSettings = {
				ALWAYS_EMBED_SWIFT_STANDARD_LIBRARIES = YES;
				BUNDLE_LOADER = "$(TEST_HOST)";
				CODE_SIGN_STYLE = Automatic;
				DEVELOPMENT_TEAM = JD4S397FDP;
				INFOPLIST_FILE = SelectCarTests/Info.plist;
				LD_RUNPATH_SEARCH_PATHS = (
					"$(inherited)",
					"@executable_path/Frameworks",
					"@loader_path/Frameworks",
				);
				PRODUCT_BUNDLE_IDENTIFIER = kurkin.SelectCarTests;
				PRODUCT_NAME = "$(TARGET_NAME)";
				SWIFT_VERSION = 4.2;
				TARGETED_DEVICE_FAMILY = "1,2";
				TEST_HOST = "$(BUILT_PRODUCTS_DIR)/SelectCar.app/SelectCar";
			};
			name = Debug;
		};
		5712116721EE2A8B00B04188 /* Release */ = {
			isa = XCBuildConfiguration;
			buildSettings = {
				ALWAYS_EMBED_SWIFT_STANDARD_LIBRARIES = YES;
				BUNDLE_LOADER = "$(TEST_HOST)";
				CODE_SIGN_STYLE = Automatic;
				DEVELOPMENT_TEAM = JD4S397FDP;
				INFOPLIST_FILE = SelectCarTests/Info.plist;
				LD_RUNPATH_SEARCH_PATHS = (
					"$(inherited)",
					"@executable_path/Frameworks",
					"@loader_path/Frameworks",
				);
				PRODUCT_BUNDLE_IDENTIFIER = kurkin.SelectCarTests;
				PRODUCT_NAME = "$(TARGET_NAME)";
				SWIFT_VERSION = 4.2;
				TARGETED_DEVICE_FAMILY = "1,2";
				TEST_HOST = "$(BUILT_PRODUCTS_DIR)/SelectCar.app/SelectCar";
			};
			name = Release;
		};
/* End XCBuildConfiguration section */

/* Begin XCConfigurationList section */
		5712114021EE2A8600B04188 /* Build configuration list for PBXProject "SelectCar" */ = {
			isa = XCConfigurationList;
			buildConfigurations = (
				5712116021EE2A8B00B04188 /* Debug */,
				5712116121EE2A8B00B04188 /* Release */,
			);
			defaultConfigurationIsVisible = 0;
			defaultConfigurationName = Release;
		};
		5712116221EE2A8B00B04188 /* Build configuration list for PBXNativeTarget "SelectCar" */ = {
			isa = XCConfigurationList;
			buildConfigurations = (
				5712116321EE2A8B00B04188 /* Debug */,
				5712116421EE2A8B00B04188 /* Release */,
			);
			defaultConfigurationIsVisible = 0;
			defaultConfigurationName = Release;
		};
		5712116521EE2A8B00B04188 /* Build configuration list for PBXNativeTarget "SelectCarTests" */ = {
			isa = XCConfigurationList;
			buildConfigurations = (
				5712116621EE2A8B00B04188 /* Debug */,
				5712116721EE2A8B00B04188 /* Release */,
			);
			defaultConfigurationIsVisible = 0;
			defaultConfigurationName = Release;
		};
/* End XCConfigurationList section */
	};
	rootObject = 5712113D21EE2A8600B04188 /* Project object */;
}
